{
  "name": "order-book",
  "version": "1.0.0",
  "lockfileVersion": 1,
  "requires": true,
  "dependencies": {
    "@types/core-js": {
      "version": "2.5.8",
      "resolved": "https://registry.npmjs.org/@types/core-js/-/core-js-2.5.8.tgz",
      "integrity": "sha512-VgnAj6tIAhJhZdJ8/IpxdatM8G4OD3VWGlp6xIxUGENZlpbob9Ty4VVdC1FIEp0aK6DBscDDjyzy5FB60TuNqg==",
      "dev": true
    },
    "@types/lodash": {
      "version": "4.17.6",
      "resolved": "https://registry.npmjs.org/@types/lodash/-/lodash-4.17.6.tgz",
      "integrity": "sha512-OpXEVoCKSS3lQqjx9GGGOapBeuW5eUboYHRlHP9urXPX25IKZ6AnP5ZRxtVf63iieUbsHxLn8NQ5Nlftc6yzAA==",
      "dev": true
    },
    "@types/uuid": {
      "version": "10.0.0",
      "resolved": "https://registry.npmjs.org/@types/uuid/-/uuid-10.0.0.tgz",
      "integrity": "sha512-7gqG38EyHgyP1S+7+xomFtL+ZNHcKv6DwNaCZmJmo1vgMugyF3TCnXVg4t1uk89mLNwnLtnY3TpOpCOyp1/xHQ==",
      "dev": true
    },
    "lodash": {
      "version": "4.17.21",
      "resolved": "https://registry.npmjs.org/lodash/-/lodash-4.17.21.tgz",
      "integrity": "sha512-v2kDEe57lecTulaDIuNTPy3Ry4gLGJ6Z1O3vE1krgXZNrsQ+LFTGHVxVjcXPs17LhbZVGedAJv8XZ1tvj5FvSg==",
      "dev": true
    },
    "typescript": {
      "version": "5.5.2",
      "resolved": "https://registry.npmjs.org/typescript/-/typescript-5.5.2.tgz",
      "integrity": "sha512-NcRtPEOsPFFWjobJEtfihkLCZCXZt/os3zf8nTxjVH3RvTSxjrCamJpbExGvYOF+tFHc3pA65qpdwPbzjohhew==",
      "dev": true
    },
    "uuid": {
      "version": "10.0.0",
      "resolved": "https://registry.npmjs.org/uuid/-/uuid-10.0.0.tgz",
      "integrity": "sha512-8XkAphELsDnEGrDxUOHB3RGvXz6TeuYSGEZBOjtTtPm2lwhGBjLgOzLHB63IUWfBpNucQjND6d3AOudO+H3RWQ==",
      "dev": true
    }
  }
}
